
Microsoft Visual Studio Solution File, Format Version 12.00
# Visual Studio 15
VisualStudioVersion = 15.0.27428.2037
MinimumVisualStudioVersion = 10.0.40219.1
Project("{FAE04EC0-301F-11D3-BF4B-00C04F79EFBC}") = "WebCoffee", "WebCoffee\WebCoffee.csproj", "{75F60383-E572-40DF-861C-C521266AD57A}"
EndProject
Project("{FAE04EC0-301F-11D3-BF4B-00C04F79EFBC}") = "DAL", "DAL\DAL.csproj", "{037AC7FE-ED06-4F58-A323-AC74E2B24118}"
EndProject
Project("{FAE04EC0-301F-11D3-BF4B-00C04F79EFBC}") = "BLL", "BLL\BLL.csproj", "{D5B0A28A-BDE0-4C43-8F9E-D63755334D7E}"
EndProject
Global
	GlobalSection(SolutionConfigurationPlatforms) = preSolution
		Debug|Any CPU = Debug|Any CPU
		Release|Any CPU = Release|Any CPU
	EndGlobalSection
	GlobalSection(ProjectConfigurationPlatforms) = postSolution
		{75F60383-E572-40DF-861C-C521266AD57A}.Debug|Any CPU.ActiveCfg = Debug|Any CPU
		{75F60383-E572-40DF-861C-C521266AD57A}.Debug|Any CPU.Build.0 = Debug|Any CPU
		{75F60383-E572-40DF-861C-C521266AD57A}.Release|Any CPU.ActiveCfg = Release|Any CPU
		{75F60383-E572-40DF-861C-C521266AD57A}.Release|Any CPU.Build.0 = Release|Any CPU
		{037AC7FE-ED06-4F58-A323-AC74E2B24118}.Debug|Any CPU.ActiveCfg = Debug|Any CPU
		{037AC7FE-ED06-4F58-A323-AC74E2B24118}.Debug|Any CPU.Build.0 = Debug|Any CPU
		{037AC7FE-ED06-4F58-A323-AC74E2B24118}.Release|Any CPU.ActiveCfg = Release|Any CPU
		{037AC7FE-ED06-4F58-A323-AC74E2B24118}.Release|Any CPU.Build.0 = Release|Any CPU
		{D5B0A28A-BDE0-4C43-8F9E-D63755334D7E}.Debug|Any CPU.ActiveCfg = Debug|Any CPU
		{D5B0A28A-BDE0-4C43-8F9E-D63755334D7E}.Debug|Any CPU.Build.0 = Debug|Any CPU
		{D5B0A28A-BDE0-4C43-8F9E-D63755334D7E}.Release|Any CPU.ActiveCfg = Release|Any CPU
		{D5B0A28A-BDE0-4C43-8F9E-D63755334D7E}.Release|Any CPU.Build.0 = Release|Any CPU
	EndGlobalSection
	GlobalSection(SolutionProperties) = preSolution
		HideSolutionNode = FALSE
	EndGlobalSection
	GlobalSection(ExtensibilityGlobals) = postSolution
		SolutionGuid = {A5F8AF26-77DE-43F6-A2CF-742326C2602B}
	EndGlobalSection
EndGlobal
